<?xml version="1.0" encoding="utf-8"?>
<Project ToolsVersion="4.0" xmlns="http://schemas.microsoft.com/developer/msbuild/2003">
  <ItemGroup>
    <Filter Include="Source Files">
      <UniqueIdentifier>{4FC737F1-C7A5-4376-A066-2A32D752A2FF}</UniqueIdentifier>
      <Extensions>cpp;c;cc;cxx;def;odl;idl;hpj;bat;asm;asmx</Extensions>
    </Filter>
    <Filter Include="Header Files">
      <UniqueIdentifier>{93995380-89BD-4b04-88EB-625FBE52EBFB}</UniqueIdentifier>
      <Extensions>h;hh;hpp;hxx;hm;inl;inc;xsd</Extensions>
    </Filter>
    <Filter Include="Resource Files">
      <UniqueIdentifier>{67DA6AB6-F800-4c08-8B7A-83BB121AAD01}</UniqueIdentifier>
      <Extensions>rc;ico;cur;bmp;dlg;rc2;rct;bin;rgs;gif;jpg;jpeg;jpe;resx;tiff;tif;png;wav</Extensions>
    </Filter>
  </ItemGroup>
  <ItemGroup>
    <ClCompile Include="main.cpp">
      <Filter>Source Files</Filter>
    </ClCompile>
    <ClCompile Include="Math\Source\math.cpp">
      <Filter>Source Files</Filter>
    </ClCompile>
    <ClCompile Include="Memory\Source\Internal\boolset.cpp">
      <Filter>Source Files</Filter>
    </ClCompile>
    <ClCompile Include="Container\Source\qbool.cpp">
      <Filter>Source Files</Filter>
    </ClCompile>
    <ClCompile Include="Memory\Source\Allocator\mallocator.cpp">
      <Filter>Source Files</Filter>
    </ClCompile>
    <ClCompile Include="Memory\Source\Allocator\null_allocator.cpp">
      <Filter>Source Files</Filter>
    </ClCompile>
    <ClCompile Include="Game\Source\window.cpp">
      <Filter>Source Files</Filter>
    </ClCompile>
    <ClCompile Include="Game\Source\game.cpp">
      <Filter>Source Files</Filter>
    </ClCompile>
    <ClCompile Include="Auxiliary\Source\string_aux.cpp">
      <Filter>Source Files</Filter>
    </ClCompile>
  </ItemGroup>
  <ItemGroup>
    <None Include="Container\Source\qarray.inl">
      <Filter>Header Files</Filter>
    </None>
    <None Include="Container\Source\qstack.inl">
      <Filter>Header Files</Filter>
    </None>
    <None Include="Memory\Source\Internal\smart_ptr.inl">
      <Filter>Header Files</Filter>
    </None>
    <None Include="Memory\Source\Internal\stack.inl">
      <Filter>Header Files</Filter>
    </None>
    <None Include="Memory\Source\Allocator\segregator.inl">
      <Filter>Header Files</Filter>
    </None>
    <None Include="Memory\Source\Allocator\pool_allocator.inl">
      <Filter>Header Files</Filter>
    </None>
    <None Include="Memory\Source\Allocator\fallback_allocator.inl">
      <Filter>Header Files</Filter>
    </None>
    <None Include="Math\Source\vector4.inl">
      <Filter>Header Files</Filter>
    </None>
    <None Include="Math\Source\vector2.inl">
      <Filter>Header Files</Filter>
    </None>
    <None Include="Math\Source\vector3.inl">
      <Filter>Header Files</Filter>
    </None>
    <None Include="Memory\Source\Allocator\freelist.inl">
      <Filter>Header Files</Filter>
    </None>
    <None Include="Memory\Source\Allocator\lax_freelist.inl">
      <Filter>Header Files</Filter>
    </None>
    <None Include="Memory\Source\Internal\batch_queue.inl">
      <Filter>Header Files</Filter>
    </None>
    <None Include="Container\Source\base.inl">
      <Filter>Header Files</Filter>
    </None>
    <None Include="Container\Source\qstring.inl">
      <Filter>Header Files</Filter>
    </None>
  </ItemGroup>
  <ItemGroup>
    <ClInclude Include="core\container\include\qhash_string.h">
      <Filter>Header Files</Filter>
    </ClInclude>
    <ClInclude Include="memory\internal\include\reallocator.h">
      <Filter>Header Files</Filter>
    </ClInclude>
    <ClInclude Include="Container\Include\qforward_list.hpp">
      <Filter>Header Files</Filter>
    </ClInclude>
    <ClInclude Include="Container\Include\qhash_string.h">
      <Filter>Header Files</Filter>
    </ClInclude>
    <ClInclude Include="Container\Include\base.hpp">
      <Filter>Header Files</Filter>
    </ClInclude>
    <ClInclude Include="Container\Include\qvector.hpp">
      <Filter>Header Files</Filter>
    </ClInclude>
    <ClInclude Include="Container\Include\qarray.hpp">
      <Filter>Header Files</Filter>
    </ClInclude>
    <ClInclude Include="Container\Include\qstack.hpp">
      <Filter>Header Files</Filter>
    </ClInclude>
    <ClInclude Include="Math\Include\math.h">
      <Filter>Header Files</Filter>
    </ClInclude>
    <ClInclude Include="Memory\Include\Allocator\affix_allocator.h">
      <Filter>Header Files</Filter>
    </ClInclude>
    <ClInclude Include="Memory\Include\Allocator\base_allocator.h">
      <Filter>Header Files</Filter>
    </ClInclude>
    <ClInclude Include="Memory\Include\Allocator\fallback_allocator.h">
      <Filter>Header Files</Filter>
    </ClInclude>
    <ClInclude Include="Memory\Include\Allocator\linear_allocator.h">
      <Filter>Header Files</Filter>
    </ClInclude>
    <ClInclude Include="Memory\Include\Allocator\pool_allocator.hpp">
      <Filter>Header Files</Filter>
    </ClInclude>
    <ClInclude Include="Memory\Include\Allocator\segregator.h">
      <Filter>Header Files</Filter>
    </ClInclude>
    <ClInclude Include="Memory\Include\Internal\traits.h">
      <Filter>Header Files</Filter>
    </ClInclude>
    <ClInclude Include="Memory\Include\Internal\stack.hpp">
      <Filter>Header Files</Filter>
    </ClInclude>
    <ClInclude Include="Memory\Include\Internal\auxiliary.h">
      <Filter>Header Files</Filter>
    </ClInclude>
    <ClInclude Include="Memory\Include\Internal\boolset.h">
      <Filter>Header Files</Filter>
    </ClInclude>
    <ClInclude Include="Memory\Include\Allocator\slab_allocator.h">
      <Filter>Header Files</Filter>
    </ClInclude>
    <ClInclude Include="Math\Include\vector.hpp">
      <Filter>Header Files</Filter>
    </ClInclude>
    <ClInclude Include="Container\Include\qbool.h">
      <Filter>Header Files</Filter>
    </ClInclude>
    <ClInclude Include="Memory\Include\Allocator\freelist.hpp">
      <Filter>Header Files</Filter>
    </ClInclude>
    <ClInclude Include="Memory\Include\Allocator\lax_freelist.hpp">
      <Filter>Header Files</Filter>
    </ClInclude>
    <ClInclude Include="Memory\Include\Allocator\mallocator.h">
      <Filter>Header Files</Filter>
    </ClInclude>
    <ClInclude Include="Memory\Include\Allocator\null_allocator.h">
      <Filter>Header Files</Filter>
    </ClInclude>
    <ClInclude Include="IO\Include\file.hpp">
      <Filter>Header Files</Filter>
    </ClInclude>
    <ClInclude Include="Container\Include\qarraylist.hpp">
      <Filter>Header Files</Filter>
    </ClInclude>
    <ClInclude Include="Container\Include\qstring.hpp">
      <Filter>Header Files</Filter>
    </ClInclude>
    <ClInclude Include="Exception\error.h">
      <Filter>Header Files</Filter>
    </ClInclude>
    <ClInclude Include="Game\Include\game.h">
      <Filter>Header Files</Filter>
    </ClInclude>
    <ClInclude Include="Game\Include\window.h">
      <Filter>Header Files</Filter>
    </ClInclude>
    <ClInclude Include="common.h">
      <Filter>Header Files</Filter>
    </ClInclude>
    <ClInclude Include="Auxiliary\Include\string_aux.h">
      <Filter>Header Files</Filter>
    </ClInclude>
    <ClInclude Include="Memory\Include\Internal\batch_queue.hpp">
      <Filter>Header Files</Filter>
    </ClInclude>
  </ItemGroup>
</Project>